// !$*UTF8*$!
{
	archiveVersion = 1;
	classes = {
	};
	objectVersion = 55;
	objects = {

/* Begin PBXBuildFile section */
		B1421C2727E1CF2B00F8C451 /* main.swift in Sources */ = {isa = PBXBuildFile; fileRef = B1421C2627E1CF2B00F8C451 /* main.swift */; };
		B19E0C9E27E391B300786A55 /* 12943.swift in Sources */ = {isa = PBXBuildFile; fileRef = B19E0C9D27E391B300786A55 /* 12943.swift */; };
		B19E0CA027E399E500786A55 /* 12926.swift in Sources */ = {isa = PBXBuildFile; fileRef = B19E0C9F27E399E500786A55 /* 12926.swift */; };
		B1ADABDA27E1D57900B3C691 /* 87389.swift in Sources */ = {isa = PBXBuildFile; fileRef = B1ADABD927E1D57900B3C691 /* 87389.swift */; };
		B1ADABDC27E2EF1400B3C691 /* 92334.swift in Sources */ = {isa = PBXBuildFile; fileRef = B1ADABDB27E2EF1400B3C691 /* 92334.swift */; };
		B1ADABDE27E310F200B3C691 /* 12969.swift in Sources */ = {isa = PBXBuildFile; fileRef = B1ADABDD27E310F200B3C691 /* 12969.swift */; };
		B1ADABE027E3152D00B3C691 /* 77884.swift in Sources */ = {isa = PBXBuildFile; fileRef = B1ADABDF27E3152D00B3C691 /* 77884.swift */; };
		B1ADABE227E31F5300B3C691 /* 86051.swift in Sources */ = {isa = PBXBuildFile; fileRef = B1ADABE127E31F5300B3C691 /* 86051.swift */; };
		B1ADABE427E3219900B3C691 /* 42889.swift in Sources */ = {isa = PBXBuildFile; fileRef = B1ADABE327E3219900B3C691 /* 42889.swift */; };
		B1ADABE627E341DC00B3C691 /* 12912.swift in Sources */ = {isa = PBXBuildFile; fileRef = B1ADABE527E341DC00B3C691 /* 12912.swift */; };
		B1ADABE827E3434900B3C691 /* 68644.swift in Sources */ = {isa = PBXBuildFile; fileRef = B1ADABE727E3434900B3C691 /* 68644.swift */; };
		B1ADABEA27E3479000B3C691 /* 86491.swift in Sources */ = {isa = PBXBuildFile; fileRef = B1ADABE927E3479000B3C691 /* 86491.swift */; };
		B1F1B8F527E5AD0500807520 /* 17681.swift in Sources */ = {isa = PBXBuildFile; fileRef = B1F1B8F427E5AD0500807520 /* 17681.swift */; };
		B1F1B8F727E5BBFF00807520 /* 17682.swift in Sources */ = {isa = PBXBuildFile; fileRef = B1F1B8F627E5BBFF00807520 /* 17682.swift */; };
		B1F1B8F927E5E37200807520 /* 12917.swift in Sources */ = {isa = PBXBuildFile; fileRef = B1F1B8F827E5E37200807520 /* 12917.swift */; };
		B1F1B8FB27E5EACA00807520 /* 12918.swift in Sources */ = {isa = PBXBuildFile; fileRef = B1F1B8FA27E5EACA00807520 /* 12918.swift */; };
		B1F1B8FD27E5EC3B00807520 /* 12919.swift in Sources */ = {isa = PBXBuildFile; fileRef = B1F1B8FC27E5EC3B00807520 /* 12919.swift */; };
		B1F1B8FF27E5ECDB00807520 /* 12921.swift in Sources */ = {isa = PBXBuildFile; fileRef = B1F1B8FE27E5ECDB00807520 /* 12921.swift */; };
/* End PBXBuildFile section */

/* Begin PBXCopyFilesBuildPhase section */
		B1421C2127E1CF2B00F8C451 /* CopyFiles */ = {
			isa = PBXCopyFilesBuildPhase;
			buildActionMask = 2147483647;
			dstPath = /usr/share/man/man1/;
			dstSubfolderSpec = 0;
			files = (
			);
			runOnlyForDeploymentPostprocessing = 1;
		};
/* End PBXCopyFilesBuildPhase section */

/* Begin PBXFileReference section */
		B1421C2327E1CF2B00F8C451 /* Algorithm */ = {isa = PBXFileReference; explicitFileType = "compiled.mach-o.executable"; includeInIndex = 0; path = Algorithm; sourceTree = BUILT_PRODUCTS_DIR; };
		B1421C2627E1CF2B00F8C451 /* main.swift */ = {isa = PBXFileReference; lastKnownFileType = sourcecode.swift; path = main.swift; sourceTree = "<group>"; };
		B19E0C9D27E391B300786A55 /* 12943.swift */ = {isa = PBXFileReference; lastKnownFileType = sourcecode.swift; path = 12943.swift; sourceTree = "<group>"; };
		B19E0C9F27E399E500786A55 /* 12926.swift */ = {isa = PBXFileReference; lastKnownFileType = sourcecode.swift; path = 12926.swift; sourceTree = "<group>"; };
		B1ADABD927E1D57900B3C691 /* 87389.swift */ = {isa = PBXFileReference; lastKnownFileType = sourcecode.swift; path = 87389.swift; sourceTree = "<group>"; };
		B1ADABDB27E2EF1400B3C691 /* 92334.swift */ = {isa = PBXFileReference; lastKnownFileType = sourcecode.swift; path = 92334.swift; sourceTree = "<group>"; };
		B1ADABDD27E310F200B3C691 /* 12969.swift */ = {isa = PBXFileReference; lastKnownFileType = sourcecode.swift; path = 12969.swift; sourceTree = "<group>"; };
		B1ADABDF27E3152D00B3C691 /* 77884.swift */ = {isa = PBXFileReference; lastKnownFileType = sourcecode.swift; path = 77884.swift; sourceTree = "<group>"; };
		B1ADABE127E31F5300B3C691 /* 86051.swift */ = {isa = PBXFileReference; lastKnownFileType = sourcecode.swift; path = 86051.swift; sourceTree = "<group>"; };
		B1ADABE327E3219900B3C691 /* 42889.swift */ = {isa = PBXFileReference; lastKnownFileType = sourcecode.swift; path = 42889.swift; sourceTree = "<group>"; };
		B1ADABE527E341DC00B3C691 /* 12912.swift */ = {isa = PBXFileReference; lastKnownFileType = sourcecode.swift; path = 12912.swift; sourceTree = "<group>"; };
		B1ADABE727E3434900B3C691 /* 68644.swift */ = {isa = PBXFileReference; lastKnownFileType = sourcecode.swift; path = 68644.swift; sourceTree = "<group>"; };
		B1ADABE927E3479000B3C691 /* 86491.swift */ = {isa = PBXFileReference; lastKnownFileType = sourcecode.swift; path = 86491.swift; sourceTree = "<group>"; };
		B1F1B8F427E5AD0500807520 /* 17681.swift */ = {isa = PBXFileReference; lastKnownFileType = sourcecode.swift; path = 17681.swift; sourceTree = "<group>"; };
		B1F1B8F627E5BBFF00807520 /* 17682.swift */ = {isa = PBXFileReference; lastKnownFileType = sourcecode.swift; path = 17682.swift; sourceTree = "<group>"; };
		B1F1B8F827E5E37200807520 /* 12917.swift */ = {isa = PBXFileReference; lastKnownFileType = sourcecode.swift; path = 12917.swift; sourceTree = "<group>"; };
		B1F1B8FA27E5EACA00807520 /* 12918.swift */ = {isa = PBXFileReference; lastKnownFileType = sourcecode.swift; path = 12918.swift; sourceTree = "<group>"; };
		B1F1B8FC27E5EC3B00807520 /* 12919.swift */ = {isa = PBXFileReference; lastKnownFileType = sourcecode.swift; path = 12919.swift; sourceTree = "<group>"; };
		B1F1B8FE27E5ECDB00807520 /* 12921.swift */ = {isa = PBXFileReference; lastKnownFileType = sourcecode.swift; path = 12921.swift; sourceTree = "<group>"; };
/* End PBXFileReference section */

/* Begin PBXFrameworksBuildPhase section */
		B1421C2027E1CF2B00F8C451 /* Frameworks */ = {
			isa = PBXFrameworksBuildPhase;
			buildActionMask = 2147483647;
			files = (
			);
			runOnlyForDeploymentPostprocessing = 0;
		};
/* End PBXFrameworksBuildPhase section */

/* Begin PBXGroup section */
		B1421C1A27E1CF2B00F8C451 = {
			isa = PBXGroup;
			children = (
				B1421C2527E1CF2B00F8C451 /* Algorithm */,
				B1421C2427E1CF2B00F8C451 /* Products */,
			);
			sourceTree = "<group>";
		};
		B1421C2427E1CF2B00F8C451 /* Products */ = {
			isa = PBXGroup;
			children = (
				B1421C2327E1CF2B00F8C451 /* Algorithm */,
			);
			name = Products;
			sourceTree = "<group>";
		};
		B1421C2527E1CF2B00F8C451 /* Algorithm */ = {
			isa = PBXGroup;
			children = (
				B1421C2627E1CF2B00F8C451 /* main.swift */,
				B1ADABD727E1D46600B3C691 /* Programmers */,
			);
			path = Algorithm;
			sourceTree = "<group>";
		};
		B1ADABD727E1D46600B3C691 /* Programmers */ = {
			isa = PBXGroup;
			children = (
				B1ADABD827E1D47100B3C691 /* Level1 */,
			);
			path = Programmers;
			sourceTree = "<group>";
		};
		B1ADABD827E1D47100B3C691 /* Level1 */ = {
			isa = PBXGroup;
			children = (
				B1ADABD927E1D57900B3C691 /* 87389.swift */,
				B1ADABDB27E2EF1400B3C691 /* 92334.swift */,
				B1ADABDD27E310F200B3C691 /* 12969.swift */,
				B1ADABDF27E3152D00B3C691 /* 77884.swift */,
				B1ADABE127E31F5300B3C691 /* 86051.swift */,
				B1ADABE327E3219900B3C691 /* 42889.swift */,
				B1ADABE527E341DC00B3C691 /* 12912.swift */,
				B1ADABE727E3434900B3C691 /* 68644.swift */,
				B1ADABE927E3479000B3C691 /* 86491.swift */,
				B19E0C9D27E391B300786A55 /* 12943.swift */,
				B19E0C9F27E399E500786A55 /* 12926.swift */,
				B1F1B8F427E5AD0500807520 /* 17681.swift */,
				B1F1B8F627E5BBFF00807520 /* 17682.swift */,
				B1F1B8F827E5E37200807520 /* 12917.swift */,
				B1F1B8FA27E5EACA00807520 /* 12918.swift */,
				B1F1B8FC27E5EC3B00807520 /* 12919.swift */,
				B1F1B8FE27E5ECDB00807520 /* 12921.swift */,
			);
			path = Level1;
			sourceTree = "<group>";
		};
/* End PBXGroup section */

/* Begin PBXNativeTarget section */
		B1421C2227E1CF2B00F8C451 /* Algorithm */ = {
			isa = PBXNativeTarget;
			buildConfigurationList = B1421C2A27E1CF2B00F8C451 /* Build configuration list for PBXNativeTarget "Algorithm" */;
			buildPhases = (
				B1421C1F27E1CF2B00F8C451 /* Sources */,
				B1421C2027E1CF2B00F8C451 /* Frameworks */,
				B1421C2127E1CF2B00F8C451 /* CopyFiles */,
			);
			buildRules = (
			);
			dependencies = (
			);
			name = Algorithm;
			productName = Algorithm;
			productReference = B1421C2327E1CF2B00F8C451 /* Algorithm */;
			productType = "com.apple.product-type.tool";
		};
/* End PBXNativeTarget section */

/* Begin PBXProject section */
		B1421C1B27E1CF2B00F8C451 /* Project object */ = {
			isa = PBXProject;
			attributes = {
				BuildIndependentTargetsInParallel = 1;
				LastSwiftUpdateCheck = 1320;
				LastUpgradeCheck = 1320;
				TargetAttributes = {
					B1421C2227E1CF2B00F8C451 = {
						CreatedOnToolsVersion = 13.2.1;
					};
				};
			};
			buildConfigurationList = B1421C1E27E1CF2B00F8C451 /* Build configuration list for PBXProject "Algorithm" */;
			compatibilityVersion = "Xcode 13.0";
			developmentRegion = en;
			hasScannedForEncodings = 0;
			knownRegions = (
				en,
				Base,
			);
			mainGroup = B1421C1A27E1CF2B00F8C451;
			productRefGroup = B1421C2427E1CF2B00F8C451 /* Products */;
			projectDirPath = "";
			projectRoot = "";
			targets = (
				B1421C2227E1CF2B00F8C451 /* Algorithm */,
			);
		};
/* End PBXProject section */

/* Begin PBXSourcesBuildPhase section */
		B1421C1F27E1CF2B00F8C451 /* Sources */ = {
			isa = PBXSourcesBuildPhase;
			buildActionMask = 2147483647;
			files = (
				B1F1B8F927E5E37200807520 /* 12917.swift in Sources */,
				B1F1B8F527E5AD0500807520 /* 17681.swift in Sources */,
				B1421C2727E1CF2B00F8C451 /* main.swift in Sources */,
				B1ADABDE27E310F200B3C691 /* 12969.swift in Sources */,
				B1ADABE827E3434900B3C691 /* 68644.swift in Sources */,
				B19E0C9E27E391B300786A55 /* 12943.swift in Sources */,
				B1ADABE427E3219900B3C691 /* 42889.swift in Sources */,
				B1F1B8F727E5BBFF00807520 /* 17682.swift in Sources */,
				B1ADABE227E31F5300B3C691 /* 86051.swift in Sources */,
				B19E0CA027E399E500786A55 /* 12926.swift in Sources */,
				B1ADABE027E3152D00B3C691 /* 77884.swift in Sources */,
				B1F1B8FD27E5EC3B00807520 /* 12919.swift in Sources */,
				B1F1B8FB27E5EACA00807520 /* 12918.swift in Sources */,
				B1ADABE627E341DC00B3C691 /* 12912.swift in Sources */,
				B1ADABDA27E1D57900B3C691 /* 87389.swift in Sources */,
				B1F1B8FF27E5ECDB00807520 /* 12921.swift in Sources */,
				B1ADABEA27E3479000B3C691 /* 86491.swift in Sources */,
				B1ADABDC27E2EF1400B3C691 /* 92334.swift in Sources */,
			);
			runOnlyForDeploymentPostprocessing = 0;
		};
/* End PBXSourcesBuildPhase section */

/* Begin XCBuildConfiguration section */
		B1421C2827E1CF2B00F8C451 /* Debug */ = {
			isa = XCBuildConfiguration;
			buildSettings = {
				ALWAYS_SEARCH_USER_PATHS = NO;
				CLANG_ANALYZER_NONNULL = YES;
				CLANG_ANALYZER_NUMBER_OBJECT_CONVERSION = YES_AGGRESSIVE;
				CLANG_CXX_LANGUAGE_STANDARD = "gnu++17";
				CLANG_CXX_LIBRARY = "libc++";
				CLANG_ENABLE_MODULES = YES;
				CLANG_ENABLE_OBJC_ARC = YES;
				CLANG_ENABLE_OBJC_WEAK = YES;
				CLANG_WARN_BLOCK_CAPTURE_AUTORELEASING = YES;
				CLANG_WARN_BOOL_CONVERSION = YES;
				CLANG_WARN_COMMA = YES;
				CLANG_WARN_CONSTANT_CONVERSION = YES;
				CLANG_WARN_DEPRECATED_OBJC_IMPLEMENTATIONS = YES;
				CLANG_WARN_DIRECT_OBJC_ISA_USAGE = YES_ERROR;
				CLANG_WARN_DOCUMENTATION_COMMENTS = YES;
				CLANG_WARN_EMPTY_BODY = YES;
				CLANG_WARN_ENUM_CONVERSION = YES;
				CLANG_WARN_INFINITE_RECURSION = YES;
				CLANG_WARN_INT_CONVERSION = YES;
				CLANG_WARN_NON_LITERAL_NULL_CONVERSION = YES;
				CLANG_WARN_OBJC_IMPLICIT_RETAIN_SELF = YES;
				CLANG_WARN_OBJC_LITERAL_CONVERSION = YES;
				CLANG_WARN_OBJC_ROOT_CLASS = YES_ERROR;
				CLANG_WARN_QUOTED_INCLUDE_IN_FRAMEWORK_HEADER = YES;
				CLANG_WARN_RANGE_LOOP_ANALYSIS = YES;
				CLANG_WARN_STRICT_PROTOTYPES = YES;
				CLANG_WARN_SUSPICIOUS_MOVE = YES;
				CLANG_WARN_UNGUARDED_AVAILABILITY = YES_AGGRESSIVE;
				CLANG_WARN_UNREACHABLE_CODE = YES;
				CLANG_WARN__DUPLICATE_METHOD_MATCH = YES;
				COPY_PHASE_STRIP = NO;
				DEBUG_INFORMATION_FORMAT = dwarf;
				ENABLE_STRICT_OBJC_MSGSEND = YES;
				ENABLE_TESTABILITY = YES;
				GCC_C_LANGUAGE_STANDARD = gnu11;
				GCC_DYNAMIC_NO_PIC = NO;
				GCC_NO_COMMON_BLOCKS = YES;
				GCC_OPTIMIZATION_LEVEL = 0;
				GCC_PREPROCESSOR_DEFINITIONS = (
					"DEBUG=1",
					"$(inherited)",
				);
				GCC_WARN_64_TO_32_BIT_CONVERSION = YES;
				GCC_WARN_ABOUT_RETURN_TYPE = YES_ERROR;
				GCC_WARN_UNDECLARED_SELECTOR = YES;
				GCC_WARN_UNINITIALIZED_AUTOS = YES_AGGRESSIVE;
				GCC_WARN_UNUSED_FUNCTION = YES;
				GCC_WARN_UNUSED_VARIABLE = YES;
				MACOSX_DEPLOYMENT_TARGET = 12.0;
				MTL_ENABLE_DEBUG_INFO = INCLUDE_SOURCE;
				MTL_FAST_MATH = YES;
				ONLY_ACTIVE_ARCH = YES;
				SDKROOT = macosx;
				SWIFT_ACTIVE_COMPILATION_CONDITIONS = DEBUG;
				SWIFT_OPTIMIZATION_LEVEL = "-Onone";
			};
			name = Debug;
		};
		B1421C2927E1CF2B00F8C451 /* Release */ = {
			isa = XCBuildConfiguration;
			buildSettings = {
				ALWAYS_SEARCH_USER_PATHS = NO;
				CLANG_ANALYZER_NONNULL = YES;
				CLANG_ANALYZER_NUMBER_OBJECT_CONVERSION = YES_AGGRESSIVE;
				CLANG_CXX_LANGUAGE_STANDARD = "gnu++17";
				CLANG_CXX_LIBRARY = "libc++";
				CLANG_ENABLE_MODULES = YES;
				CLANG_ENABLE_OBJC_ARC = YES;
				CLANG_ENABLE_OBJC_WEAK = YES;
				CLANG_WARN_BLOCK_CAPTURE_AUTORELEASING = YES;
				CLANG_WARN_BOOL_CONVERSION = YES;
				CLANG_WARN_COMMA = YES;
				CLANG_WARN_CONSTANT_CONVERSION = YES;
				CLANG_WARN_DEPRECATED_OBJC_IMPLEMENTATIONS = YES;
				CLANG_WARN_DIRECT_OBJC_ISA_USAGE = YES_ERROR;
				CLANG_WARN_DOCUMENTATION_COMMENTS = YES;
				CLANG_WARN_EMPTY_BODY = YES;
				CLANG_WARN_ENUM_CONVERSION = YES;
				CLANG_WARN_INFINITE_RECURSION = YES;
				CLANG_WARN_INT_CONVERSION = YES;
				CLANG_WARN_NON_LITERAL_NULL_CONVERSION = YES;
				CLANG_WARN_OBJC_IMPLICIT_RETAIN_SELF = YES;
				CLANG_WARN_OBJC_LITERAL_CONVERSION = YES;
				CLANG_WARN_OBJC_ROOT_CLASS = YES_ERROR;
				CLANG_WARN_QUOTED_INCLUDE_IN_FRAMEWORK_HEADER = YES;
				CLANG_WARN_RANGE_LOOP_ANALYSIS = YES;
				CLANG_WARN_STRICT_PROTOTYPES = YES;
				CLANG_WARN_SUSPICIOUS_MOVE = YES;
				CLANG_WARN_UNGUARDED_AVAILABILITY = YES_AGGRESSIVE;
				CLANG_WARN_UNREACHABLE_CODE = YES;
				CLANG_WARN__DUPLICATE_METHOD_MATCH = YES;
				COPY_PHASE_STRIP = NO;
				DEBUG_INFORMATION_FORMAT = "dwarf-with-dsym";
				ENABLE_NS_ASSERTIONS = NO;
				ENABLE_STRICT_OBJC_MSGSEND = YES;
				GCC_C_LANGUAGE_STANDARD = gnu11;
				GCC_NO_COMMON_BLOCKS = YES;
				GCC_WARN_64_TO_32_BIT_CONVERSION = YES;
				GCC_WARN_ABOUT_RETURN_TYPE = YES_ERROR;
				GCC_WARN_UNDECLARED_SELECTOR = YES;
				GCC_WARN_UNINITIALIZED_AUTOS = YES_AGGRESSIVE;
				GCC_WARN_UNUSED_FUNCTION = YES;
				GCC_WARN_UNUSED_VARIABLE = YES;
				MACOSX_DEPLOYMENT_TARGET = 12.0;
				MTL_ENABLE_DEBUG_INFO = NO;
				MTL_FAST_MATH = YES;
				SDKROOT = macosx;
				SWIFT_COMPILATION_MODE = wholemodule;
				SWIFT_OPTIMIZATION_LEVEL = "-O";
			};
			name = Release;
		};
		B1421C2B27E1CF2B00F8C451 /* Debug */ = {
			isa = XCBuildConfiguration;
			buildSettings = {
				CODE_SIGN_STYLE = Automatic;
				PRODUCT_NAME = "$(TARGET_NAME)";
				SWIFT_VERSION = 5.0;
			};
			name = Debug;
		};
		B1421C2C27E1CF2B00F8C451 /* Release */ = {
			isa = XCBuildConfiguration;
			buildSettings = {
				CODE_SIGN_STYLE = Automatic;
				PRODUCT_NAME = "$(TARGET_NAME)";
				SWIFT_VERSION = 5.0;
			};
			name = Release;
		};
/* End XCBuildConfiguration section */

/* Begin XCConfigurationList section */
		B1421C1E27E1CF2B00F8C451 /* Build configuration list for PBXProject "Algorithm" */ = {
			isa = XCConfigurationList;
			buildConfigurations = (
				B1421C2827E1CF2B00F8C451 /* Debug */,
				B1421C2927E1CF2B00F8C451 /* Release */,
			);
			defaultConfigurationIsVisible = 0;
			defaultConfigurationName = Release;
		};
		B1421C2A27E1CF2B00F8C451 /* Build configuration list for PBXNativeTarget "Algorithm" */ = {
			isa = XCConfigurationList;
			buildConfigurations = (
				B1421C2B27E1CF2B00F8C451 /* Debug */,
				B1421C2C27E1CF2B00F8C451 /* Release */,
			);
			defaultConfigurationIsVisible = 0;
			defaultConfigurationName = Release;
		};
/* End XCConfigurationList section */
	};
	rootObject = B1421C1B27E1CF2B00F8C451 /* Project object */;
}
